lockfileVersion: '9.0'

settings:
  autoInstallPeers: true
  excludeLinksFromLockfile: false

importers:

  .:
    dependencies:
      '@cloudbase/adapter-wx_mp':
        specifier: 1.3.1
        version: 1.3.1
      '@cloudbase/js-sdk':
        specifier: 3.7.1
        version: 3.7.1

packages:

  '@cloudbase/adapter-interface@0.7.1':
    resolution: {integrity: sha512-BjHTAvIMSLxbp26SeT6qLiSSBygz3kAVno/PMwwBwjgzVkVUvuZGVcvf1mhHxY/BjdRGLrd6X60OgvymV/aAUw==}

  '@cloudbase/adapter-wx_mp@1.3.1':
    resolution: {integrity: sha512-rS0N1aD1a0zc421ds17/HzM4RChQ6T2ixMz87bhPJ1yveqJt/KUqYxiXJDWhZ803wwTmJs8aqNkgugsNusNhbg==}

  '@cloudbase/js-sdk@3.7.1':
    resolution: {integrity: sha512-N4g7jMC4b3m5xkiGxOyiZk6XfddTkyyIJ9ZlAHzX7ORnGvaWYNPjnXP2m9mJ6/vT+8DGoUku0bbnUl7isngXAg==}

  '@cloudbase/wx-cloud-client-sdk@1.8.10':
    resolution: {integrity: sha512-XtWR1zNwKUqnAK1psvhK93EUnZBWhVorUdA1lHNWyI661YsdpLcxPRiX+/yoIrTo24MJyd/KguSuHluq3hsHqA==}

  '@mattiasbuelens/web-streams-adapter@0.1.0':
    resolution: {integrity: sha512-oV4PyZfwJNtmFWhvlJLqYIX1Nn22ML8FZpS16ZUKv0hg7414xV1fjsGqxQzLT2dyK92TKxsJSwMOd7VNHAtPmA==}
    engines: {node: '>= 12'}

  bson@6.10.4:
    resolution: {integrity: sha512-WIsKqkSC0ABoBJuT1LEX+2HEvNmNKKgnTAyd0fL8qzK4SH2i9NXg+t08YtdZp/V9IZ33cxe3iV4yM0qg8lMQng==}
    engines: {node: '>=16.20.1'}

  core-js-pure@3.50.0:
    resolution: {integrity: sha512-6GP3Pxz4IKyWjAfa747vIu/jilB5z29JWROLqH/b+pXVcpgh6tM06ZIBwSuglgVqzDYURhOK6oEzTrG0bCHitA==}

  jwt-decode@3.1.2:
    resolution: {integrity: sha512-UfpWE/VZn0iP50d8cz9NrZLM9lSWhcJ+0Gt/nm4by88UL+J1SiKN8/5dkjMmbEzwL2CAe+67GsegCbIKtbp75A==}

  lodash@4.18.1:
    resolution: {integrity: sha512-dMInicTPVE8d1e5otfwmmjlxkZoUpiVLwyeTdUsi/Caj/gfzzblBcCE5sRHV/AsjuCmxWrte2TNGSYuCeCq+0Q==}

  regenerator-runtime@0.14.1:
    resolution: {integrity: sha512-dYnhHh0nJoMfnkZs6GmmhFknAGRrLznOu5nc9ML+EJxGvrx6H7teuevqVqCuPcPK//3eDrrjQhehXVx9cnkGdw==}

  text-encoding-shim@1.0.5:
    resolution: {integrity: sha512-H7yYW+jRn4yhu60ygZ2f/eMhXPITRt4QSUTKzLm+eCaDsdX8avmgWpmtmHAzesjBVUTAypz9odu5RKUjX5HNYA==}

  web-streams-polyfill@4.3.0:
    resolution: {integrity: sha512-/Gnggvj9oSrEvJbDyyPtAnxBt5fGQM2iWOKQNu7ie1OxDgK40iZpyV3TKaRiEzVj1oA1UxKnEy9XPXh6PW3eVw==}
    engines: {node: '>= 8'}

snapshots:

  '@cloudbase/adapter-interface@0.7.1': {}

  '@cloudbase/adapter-wx_mp@1.3.1':
    dependencies:
      '@cloudbase/adapter-interface': 0.7.1
      web-streams-polyfill: 4.3.0

  '@cloudbase/js-sdk@3.7.1':
    dependencies:
      '@cloudbase/adapter-interface': 0.7.1
      '@cloudbase/adapter-wx_mp': 1.3.1
      '@cloudbase/wx-cloud-client-sdk': 1.8.10
      '@mattiasbuelens/web-streams-adapter': 0.1.0
      bson: 6.10.4
      jwt-decode: 3.1.2
      lodash: 4.18.1
      regenerator-runtime: 0.14.1
      text-encoding-shim: 1.0.5
      web-streams-polyfill: 4.3.0

  '@cloudbase/wx-cloud-client-sdk@1.8.10':
    dependencies:
      '@cloudbase/adapter-wx_mp': 1.3.1
      core-js-pure: 3.50.0

  '@mattiasbuelens/web-streams-adapter@0.1.0': {}

  bson@6.10.4: {}

  core-js-pure@3.50.0: {}

  jwt-decode@3.1.2: {}

  lodash@4.18.1: {}

  regenerator-runtime@0.14.1: {}

  text-encoding-shim@1.0.5: {}

  web-streams-polyfill@4.3.0: {}
